
Microsoft Visual Studio Solution File, Format Version 12.00
# Visual Studio Version 17
VisualStudioVersion = 17.7.34031.279
MinimumVisualStudioVersion = 10.0.40219.1
Project("{FAE04EC0-301F-11D3-BF4B-00C04F79EFBC}") = "HouseWorker", "House\HouseWorker.csproj", "{90BA00FD-BDB3-4101-AF6B-0E64E84BE3AC}"
EndProject
Project("{FAE04EC0-301F-11D3-BF4B-00C04F79EFBC}") = "HouseClasses", "HouseClassesFramework\HouseClasses.csproj", "{4A0054B3-CF2D-47E4-A9F8-87F6E137B3C6}"
EndProject
Project("{FAE04EC0-301F-11D3-BF4B-00C04F79EFBC}") = "HouseBuilder", "HouseBuilder\HouseBuilder.csproj", "{0F597DF9-E6D1-4ABB-87AB-135242A242B3}"
EndProject
Project("{FAE04EC0-301F-11D3-BF4B-00C04F79EFBC}") = "Db", "Db\Db.csproj", "{E8E630A8-B8D7-407D-A574-9B30605EDFDD}"
EndProject
Global
	GlobalSection(SolutionConfigurationPlatforms) = preSolution
		Debug|Any CPU = Debug|Any CPU
		Release|Any CPU = Release|Any CPU
	EndGlobalSection
	GlobalSection(ProjectConfigurationPlatforms) = postSolution
		{90BA00FD-BDB3-4101-AF6B-0E64E84BE3AC}.Debug|Any CPU.ActiveCfg = Debug|Any CPU
		{90BA00FD-BDB3-4101-AF6B-0E64E84BE3AC}.Debug|Any CPU.Build.0 = Debug|Any CPU
		{90BA00FD-BDB3-4101-AF6B-0E64E84BE3AC}.Release|Any CPU.ActiveCfg = Release|Any CPU
		{90BA00FD-BDB3-4101-AF6B-0E64E84BE3AC}.Release|Any CPU.Build.0 = Release|Any CPU
		{4A0054B3-CF2D-47E4-A9F8-87F6E137B3C6}.Debug|Any CPU.ActiveCfg = Debug|Any CPU
		{4A0054B3-CF2D-47E4-A9F8-87F6E137B3C6}.Debug|Any CPU.Build.0 = Debug|Any CPU
		{4A0054B3-CF2D-47E4-A9F8-87F6E137B3C6}.Release|Any CPU.ActiveCfg = Release|Any CPU
		{4A0054B3-CF2D-47E4-A9F8-87F6E137B3C6}.Release|Any CPU.Build.0 = Release|Any CPU
		{0F597DF9-E6D1-4ABB-87AB-135242A242B3}.Debug|Any CPU.ActiveCfg = Debug|Any CPU
		{0F597DF9-E6D1-4ABB-87AB-135242A242B3}.Debug|Any CPU.Build.0 = Debug|Any CPU
		{0F597DF9-E6D1-4ABB-87AB-135242A242B3}.Release|Any CPU.ActiveCfg = Release|Any CPU
		{0F597DF9-E6D1-4ABB-87AB-135242A242B3}.Release|Any CPU.Build.0 = Release|Any CPU
		{E8E630A8-B8D7-407D-A574-9B30605EDFDD}.Debug|Any CPU.ActiveCfg = Debug|Any CPU
		{E8E630A8-B8D7-407D-A574-9B30605EDFDD}.Debug|Any CPU.Build.0 = Debug|Any CPU
		{E8E630A8-B8D7-407D-A574-9B30605EDFDD}.Release|Any CPU.ActiveCfg = Release|Any CPU
		{E8E630A8-B8D7-407D-A574-9B30605EDFDD}.Release|Any CPU.Build.0 = Release|Any CPU
	EndGlobalSection
	GlobalSection(SolutionProperties) = preSolution
		HideSolutionNode = FALSE
	EndGlobalSection
	GlobalSection(ExtensibilityGlobals) = postSolution
		SolutionGuid = {68EA21B8-6D93-4C8B-978B-AF11C8846D44}
	EndGlobalSection
EndGlobal
